# Generated by buf. DO NOT EDIT.
version: v1
deps:
  - remote: buf.build
    owner: envoyproxy
    repository: protoc-gen-validate
    branch: main
    commit: dc09a417d27241f7b069feae2cd74a0e
    digest: b1-Ml8P8Frdpw3OwpExAAPdylRY3Drdoz0lwMe104zLBEk=
    create_time: 2021-12-17T23:06:23.975454Z
  - remote: buf.build
    owner: gogo
    repository: protobuf
    branch: main
    commit: 4df00b267f944190a229ce3695781e99
    digest: b1-sjLgsg7CzrkOrIjBDh3s-l0aMjE6oqTj85-OsoopKAw=
    create_time: 2021-08-10T00:14:28.345069Z
  - remote: buf.build
    owner: googleapis
    repository: googleapis
    branch: main
    commit: e98790c58c414f10952900c9efc42ed6
    digest: b1-KBCXEzQLhDPo4oBwUxEZTNVylAY4drJ7oqz9x0wy6-Q=
    create_time: 2022-02-19T15:03:38.153099Z
